
Microsoft Visual Studio Solution File, Format Version 12.00
# Visual Studio Version 17
VisualStudioVersion = 17.1.32210.238
MinimumVisualStudioVersion = 10.0.40219.1
Project("{FAE04EC0-301F-11D3-BF4B-00C04F79EFBC}") = "CamFun", "CamFun\CamFun.csproj", "{EBB8EB89-F097-4BA5-B3F6-A971538F8ED1}"
EndProject
Global
	GlobalSection(SolutionConfigurationPlatforms) = preSolution
		Debug|Any CPU = Debug|Any CPU
		Release|Any CPU = Release|Any CPU
	EndGlobalSection
	GlobalSection(ProjectConfigurationPlatforms) = postSolution
		{EBB8EB89-F097-4BA5-B3F6-A971538F8ED1}.Debug|Any CPU.ActiveCfg = Debug|Any CPU
		{EBB8EB89-F097-4BA5-B3F6-A971538F8ED1}.Debug|Any CPU.Build.0 = Debug|Any CPU
		{EBB8EB89-F097-4BA5-B3F6-A971538F8ED1}.Release|Any CPU.ActiveCfg = Release|Any CPU
		{EBB8EB89-F097-4BA5-B3F6-A971538F8ED1}.Release|Any CPU.Build.0 = Release|Any CPU
	EndGlobalSection
	GlobalSection(SolutionProperties) = preSolution
		HideSolutionNode = FALSE
	EndGlobalSection
	GlobalSection(ExtensibilityGlobals) = postSolution
		SolutionGuid = {B8178C31-F69A-42AA-89B2-3FB9724CFC94}
	EndGlobalSection
EndGlobal
